
Microsoft Visual Studio Solution File, Format Version 12.00
# Visual Studio Version 17
VisualStudioVersion = 17.8.34322.80
MinimumVisualStudioVersion = 10.0.40219.1
Project("{9A19103F-16F7-4668-BE54-9A1E7A4F7556}") = "Day1", "Day1\Day1.csproj", "{75D2D2CE-3080-4AEC-B5B6-6BA5A84B3B49}"
EndProject
Project("{9A19103F-16F7-4668-BE54-9A1E7A4F7556}") = "Day2", "Day2\Day2.csproj", "{88BA0CBB-5B60-4004-87B3-0804EC5D1626}"
EndProject
Project("{9A19103F-16F7-4668-BE54-9A1E7A4F7556}") = "Day3", "Day3\Day3.csproj", "{6298EA79-61E8-45C8-97E9-B494702BA1EC}"
EndProject
Project("{9A19103F-16F7-4668-BE54-9A1E7A4F7556}") = "Day4", "Day4\Day4.csproj", "{14EE420D-5CDE-47FF-8FFA-A683CB9385CA}"
EndProject
Project("{9A19103F-16F7-4668-BE54-9A1E7A4F7556}") = "Day5", "Day5\Day5.csproj", "{C4C9405D-3A3A-4B62-962F-3BC91F43F8B5}"
EndProject
Project("{9A19103F-16F7-4668-BE54-9A1E7A4F7556}") = "Day6", "Day6\Day6.csproj", "{F1A7BFCE-DE54-4880-85D0-40C699CED179}"
EndProject
Project("{9A19103F-16F7-4668-BE54-9A1E7A4F7556}") = "Day7", "Day7\Day7.csproj", "{B9CAAD71-58F6-4A5F-A548-00688BC7B049}"
EndProject
Project("{9A19103F-16F7-4668-BE54-9A1E7A4F7556}") = "Day8", "Day8\Day8.csproj", "{5FF422F9-C482-4254-BF05-B27289FD7D92}"
EndProject
Project("{9A19103F-16F7-4668-BE54-9A1E7A4F7556}") = "Day9", "Day9\Day9.csproj", "{27CE87D0-092D-46DD-9ED6-A3BCCFFC57FB}"
EndProject
Project("{FAE04EC0-301F-11D3-BF4B-00C04F79EFBC}") = "Day10", "Day10\Day10.csproj", "{68A3CC7C-3E21-495F-9671-30594C16FC85}"
EndProject
Global
	GlobalSection(SolutionConfigurationPlatforms) = preSolution
		Debug|Any CPU = Debug|Any CPU
		Release|Any CPU = Release|Any CPU
	EndGlobalSection
	GlobalSection(ProjectConfigurationPlatforms) = postSolution
		{75D2D2CE-3080-4AEC-B5B6-6BA5A84B3B49}.Debug|Any CPU.ActiveCfg = Debug|Any CPU
		{75D2D2CE-3080-4AEC-B5B6-6BA5A84B3B49}.Debug|Any CPU.Build.0 = Debug|Any CPU
		{75D2D2CE-3080-4AEC-B5B6-6BA5A84B3B49}.Release|Any CPU.ActiveCfg = Release|Any CPU
		{75D2D2CE-3080-4AEC-B5B6-6BA5A84B3B49}.Release|Any CPU.Build.0 = Release|Any CPU
		{88BA0CBB-5B60-4004-87B3-0804EC5D1626}.Debug|Any CPU.ActiveCfg = Debug|Any CPU
		{88BA0CBB-5B60-4004-87B3-0804EC5D1626}.Debug|Any CPU.Build.0 = Debug|Any CPU
		{88BA0CBB-5B60-4004-87B3-0804EC5D1626}.Release|Any CPU.ActiveCfg = Release|Any CPU
		{88BA0CBB-5B60-4004-87B3-0804EC5D1626}.Release|Any CPU.Build.0 = Release|Any CPU
		{6298EA79-61E8-45C8-97E9-B494702BA1EC}.Debug|Any CPU.ActiveCfg = Debug|Any CPU
		{6298EA79-61E8-45C8-97E9-B494702BA1EC}.Debug|Any CPU.Build.0 = Debug|Any CPU
		{6298EA79-61E8-45C8-97E9-B494702BA1EC}.Release|Any CPU.ActiveCfg = Release|Any CPU
		{6298EA79-61E8-45C8-97E9-B494702BA1EC}.Release|Any CPU.Build.0 = Release|Any CPU
		{14EE420D-5CDE-47FF-8FFA-A683CB9385CA}.Debug|Any CPU.ActiveCfg = Debug|Any CPU
		{14EE420D-5CDE-47FF-8FFA-A683CB9385CA}.Debug|Any CPU.Build.0 = Debug|Any CPU
		{14EE420D-5CDE-47FF-8FFA-A683CB9385CA}.Release|Any CPU.ActiveCfg = Release|Any CPU
		{14EE420D-5CDE-47FF-8FFA-A683CB9385CA}.Release|Any CPU.Build.0 = Release|Any CPU
		{C4C9405D-3A3A-4B62-962F-3BC91F43F8B5}.Debug|Any CPU.ActiveCfg = Debug|Any CPU
		{C4C9405D-3A3A-4B62-962F-3BC91F43F8B5}.Debug|Any CPU.Build.0 = Debug|Any CPU
		{C4C9405D-3A3A-4B62-962F-3BC91F43F8B5}.Release|Any CPU.ActiveCfg = Release|Any CPU
		{C4C9405D-3A3A-4B62-962F-3BC91F43F8B5}.Release|Any CPU.Build.0 = Release|Any CPU
		{F1A7BFCE-DE54-4880-85D0-40C699CED179}.Debug|Any CPU.ActiveCfg = Debug|Any CPU
		{F1A7BFCE-DE54-4880-85D0-40C699CED179}.Debug|Any CPU.Build.0 = Debug|Any CPU
		{F1A7BFCE-DE54-4880-85D0-40C699CED179}.Release|Any CPU.ActiveCfg = Release|Any CPU
		{F1A7BFCE-DE54-4880-85D0-40C699CED179}.Release|Any CPU.Build.0 = Release|Any CPU
		{B9CAAD71-58F6-4A5F-A548-00688BC7B049}.Debug|Any CPU.ActiveCfg = Debug|Any CPU
		{B9CAAD71-58F6-4A5F-A548-00688BC7B049}.Debug|Any CPU.Build.0 = Debug|Any CPU
		{B9CAAD71-58F6-4A5F-A548-00688BC7B049}.Release|Any CPU.ActiveCfg = Release|Any CPU
		{B9CAAD71-58F6-4A5F-A548-00688BC7B049}.Release|Any CPU.Build.0 = Release|Any CPU
		{5FF422F9-C482-4254-BF05-B27289FD7D92}.Debug|Any CPU.ActiveCfg = Debug|Any CPU
		{5FF422F9-C482-4254-BF05-B27289FD7D92}.Debug|Any CPU.Build.0 = Debug|Any CPU
		{5FF422F9-C482-4254-BF05-B27289FD7D92}.Release|Any CPU.ActiveCfg = Release|Any CPU
		{5FF422F9-C482-4254-BF05-B27289FD7D92}.Release|Any CPU.Build.0 = Release|Any CPU
		{27CE87D0-092D-46DD-9ED6-A3BCCFFC57FB}.Debug|Any CPU.ActiveCfg = Debug|Any CPU
		{27CE87D0-092D-46DD-9ED6-A3BCCFFC57FB}.Debug|Any CPU.Build.0 = Debug|Any CPU
		{27CE87D0-092D-46DD-9ED6-A3BCCFFC57FB}.Release|Any CPU.ActiveCfg = Release|Any CPU
		{27CE87D0-092D-46DD-9ED6-A3BCCFFC57FB}.Release|Any CPU.Build.0 = Release|Any CPU
		{68A3CC7C-3E21-495F-9671-30594C16FC85}.Debug|Any CPU.ActiveCfg = Debug|Any CPU
		{68A3CC7C-3E21-495F-9671-30594C16FC85}.Debug|Any CPU.Build.0 = Debug|Any CPU
		{68A3CC7C-3E21-495F-9671-30594C16FC85}.Release|Any CPU.ActiveCfg = Release|Any CPU
		{68A3CC7C-3E21-495F-9671-30594C16FC85}.Release|Any CPU.Build.0 = Release|Any CPU
	EndGlobalSection
	GlobalSection(SolutionProperties) = preSolution
		HideSolutionNode = FALSE
	EndGlobalSection
	GlobalSection(ExtensibilityGlobals) = postSolution
		SolutionGuid = {60A73B25-52D2-4708-AEFC-1D8D463C1EC1}
	EndGlobalSection
EndGlobal
