
Microsoft Visual Studio Solution File, Format Version 12.00
# Visual Studio Version 17
VisualStudioVersion = 17.4.33122.133
MinimumVisualStudioVersion = 10.0.40219.1
Project("{9A19103F-16F7-4668-BE54-9A1E7A4F7556}") = "Day5", "Day5\Day5.csproj", "{ACDFCCE1-6F19-4F96-972E-D2390D1B1908}"
EndProject
Project("{9A19103F-16F7-4668-BE54-9A1E7A4F7556}") = "Day1", "Day1\Day1.csproj", "{D583048B-2383-4E32-99ED-92A7D973053D}"
EndProject
Project("{9A19103F-16F7-4668-BE54-9A1E7A4F7556}") = "Day2", "Day2\Day2.csproj", "{B75B768D-6A6F-4929-9BE1-7CD32740A5AF}"
EndProject
Project("{9A19103F-16F7-4668-BE54-9A1E7A4F7556}") = "Day3", "Day3\Day3.csproj", "{F7E5CCD0-3D2F-43B0-A310-46E6EA404021}"
EndProject
Project("{9A19103F-16F7-4668-BE54-9A1E7A4F7556}") = "Day4", "Day4\Day4.csproj", "{B5845E32-CD6F-4156-9735-E2243D218B27}"
EndProject
Project("{9A19103F-16F7-4668-BE54-9A1E7A4F7556}") = "Day6", "Day6\Day6.csproj", "{DCE084C8-1062-4246-A7D5-8F46BBC8EC94}"
EndProject
Project("{9A19103F-16F7-4668-BE54-9A1E7A4F7556}") = "Day7", "Day7\Day7.csproj", "{C3FAD09A-F67E-4C71-AA39-F0D342250DF6}"
EndProject
Project("{9A19103F-16F7-4668-BE54-9A1E7A4F7556}") = "Day8", "Day8\Day8.csproj", "{3720192E-9788-4B4A-83FB-E96AAFE5F390}"
EndProject
Project("{9A19103F-16F7-4668-BE54-9A1E7A4F7556}") = "Day9", "Day9\Day9.csproj", "{D2F74340-3E41-4F92-BA88-65301848432D}"
EndProject
Project("{9A19103F-16F7-4668-BE54-9A1E7A4F7556}") = "Day10", "Day10\Day10.csproj", "{5AE76269-15A0-4AD9-A9C0-DF37900ABE40}"
EndProject
Project("{9A19103F-16F7-4668-BE54-9A1E7A4F7556}") = "Day11", "Day11\Day11.csproj", "{B7E35241-2225-4DE8-92DE-3270F42C6A13}"
EndProject
Project("{9A19103F-16F7-4668-BE54-9A1E7A4F7556}") = "Day12", "Day12\Day12.csproj", "{C928E380-7A0A-492E-838B-5246212E7F36}"
EndProject
Project("{9A19103F-16F7-4668-BE54-9A1E7A4F7556}") = "Day13", "Day13\Day13.csproj", "{068547F8-60C0-4847-B04E-81591A837614}"
EndProject
Project("{FAE04EC0-301F-11D3-BF4B-00C04F79EFBC}") = "Day14", "Day14\Day14.csproj", "{036E2D56-B847-471A-BC9C-46AA02FE699A}"
EndProject
Project("{FAE04EC0-301F-11D3-BF4B-00C04F79EFBC}") = "Day15", "Day15\Day15.csproj", "{10C12DDE-384C-42DB-A28A-C93366E8C692}"
EndProject
Project("{FAE04EC0-301F-11D3-BF4B-00C04F79EFBC}") = "Day16", "Day16\Day16.csproj", "{23EC7E34-5485-46C9-B80F-632289E1B83C}"
EndProject
Global
	GlobalSection(SolutionConfigurationPlatforms) = preSolution
		Debug|Any CPU = Debug|Any CPU
		Release|Any CPU = Release|Any CPU
	EndGlobalSection
	GlobalSection(ProjectConfigurationPlatforms) = postSolution
		{ACDFCCE1-6F19-4F96-972E-D2390D1B1908}.Debug|Any CPU.ActiveCfg = Debug|Any CPU
		{ACDFCCE1-6F19-4F96-972E-D2390D1B1908}.Debug|Any CPU.Build.0 = Debug|Any CPU
		{ACDFCCE1-6F19-4F96-972E-D2390D1B1908}.Release|Any CPU.ActiveCfg = Release|Any CPU
		{ACDFCCE1-6F19-4F96-972E-D2390D1B1908}.Release|Any CPU.Build.0 = Release|Any CPU
		{D583048B-2383-4E32-99ED-92A7D973053D}.Debug|Any CPU.ActiveCfg = Debug|Any CPU
		{D583048B-2383-4E32-99ED-92A7D973053D}.Debug|Any CPU.Build.0 = Debug|Any CPU
		{D583048B-2383-4E32-99ED-92A7D973053D}.Release|Any CPU.ActiveCfg = Release|Any CPU
		{D583048B-2383-4E32-99ED-92A7D973053D}.Release|Any CPU.Build.0 = Release|Any CPU
		{B75B768D-6A6F-4929-9BE1-7CD32740A5AF}.Debug|Any CPU.ActiveCfg = Debug|Any CPU
		{B75B768D-6A6F-4929-9BE1-7CD32740A5AF}.Debug|Any CPU.Build.0 = Debug|Any CPU
		{B75B768D-6A6F-4929-9BE1-7CD32740A5AF}.Release|Any CPU.ActiveCfg = Release|Any CPU
		{B75B768D-6A6F-4929-9BE1-7CD32740A5AF}.Release|Any CPU.Build.0 = Release|Any CPU
		{F7E5CCD0-3D2F-43B0-A310-46E6EA404021}.Debug|Any CPU.ActiveCfg = Debug|Any CPU
		{F7E5CCD0-3D2F-43B0-A310-46E6EA404021}.Debug|Any CPU.Build.0 = Debug|Any CPU
		{F7E5CCD0-3D2F-43B0-A310-46E6EA404021}.Release|Any CPU.ActiveCfg = Release|Any CPU
		{F7E5CCD0-3D2F-43B0-A310-46E6EA404021}.Release|Any CPU.Build.0 = Release|Any CPU
		{B5845E32-CD6F-4156-9735-E2243D218B27}.Debug|Any CPU.ActiveCfg = Debug|Any CPU
		{B5845E32-CD6F-4156-9735-E2243D218B27}.Debug|Any CPU.Build.0 = Debug|Any CPU
		{B5845E32-CD6F-4156-9735-E2243D218B27}.Release|Any CPU.ActiveCfg = Release|Any CPU
		{B5845E32-CD6F-4156-9735-E2243D218B27}.Release|Any CPU.Build.0 = Release|Any CPU
		{DCE084C8-1062-4246-A7D5-8F46BBC8EC94}.Debug|Any CPU.ActiveCfg = Debug|Any CPU
		{DCE084C8-1062-4246-A7D5-8F46BBC8EC94}.Debug|Any CPU.Build.0 = Debug|Any CPU
		{DCE084C8-1062-4246-A7D5-8F46BBC8EC94}.Release|Any CPU.ActiveCfg = Release|Any CPU
		{DCE084C8-1062-4246-A7D5-8F46BBC8EC94}.Release|Any CPU.Build.0 = Release|Any CPU
		{C3FAD09A-F67E-4C71-AA39-F0D342250DF6}.Debug|Any CPU.ActiveCfg = Debug|Any CPU
		{C3FAD09A-F67E-4C71-AA39-F0D342250DF6}.Debug|Any CPU.Build.0 = Debug|Any CPU
		{C3FAD09A-F67E-4C71-AA39-F0D342250DF6}.Release|Any CPU.ActiveCfg = Release|Any CPU
		{C3FAD09A-F67E-4C71-AA39-F0D342250DF6}.Release|Any CPU.Build.0 = Release|Any CPU
		{3720192E-9788-4B4A-83FB-E96AAFE5F390}.Debug|Any CPU.ActiveCfg = Debug|Any CPU
		{3720192E-9788-4B4A-83FB-E96AAFE5F390}.Debug|Any CPU.Build.0 = Debug|Any CPU
		{3720192E-9788-4B4A-83FB-E96AAFE5F390}.Release|Any CPU.ActiveCfg = Release|Any CPU
		{3720192E-9788-4B4A-83FB-E96AAFE5F390}.Release|Any CPU.Build.0 = Release|Any CPU
		{D2F74340-3E41-4F92-BA88-65301848432D}.Debug|Any CPU.ActiveCfg = Debug|Any CPU
		{D2F74340-3E41-4F92-BA88-65301848432D}.Debug|Any CPU.Build.0 = Debug|Any CPU
		{D2F74340-3E41-4F92-BA88-65301848432D}.Release|Any CPU.ActiveCfg = Release|Any CPU
		{D2F74340-3E41-4F92-BA88-65301848432D}.Release|Any CPU.Build.0 = Release|Any CPU
		{5AE76269-15A0-4AD9-A9C0-DF37900ABE40}.Debug|Any CPU.ActiveCfg = Debug|Any CPU
		{5AE76269-15A0-4AD9-A9C0-DF37900ABE40}.Debug|Any CPU.Build.0 = Debug|Any CPU
		{5AE76269-15A0-4AD9-A9C0-DF37900ABE40}.Release|Any CPU.ActiveCfg = Release|Any CPU
		{5AE76269-15A0-4AD9-A9C0-DF37900ABE40}.Release|Any CPU.Build.0 = Release|Any CPU
		{B7E35241-2225-4DE8-92DE-3270F42C6A13}.Debug|Any CPU.ActiveCfg = Debug|Any CPU
		{B7E35241-2225-4DE8-92DE-3270F42C6A13}.Debug|Any CPU.Build.0 = Debug|Any CPU
		{B7E35241-2225-4DE8-92DE-3270F42C6A13}.Release|Any CPU.ActiveCfg = Release|Any CPU
		{B7E35241-2225-4DE8-92DE-3270F42C6A13}.Release|Any CPU.Build.0 = Release|Any CPU
		{C928E380-7A0A-492E-838B-5246212E7F36}.Debug|Any CPU.ActiveCfg = Debug|Any CPU
		{C928E380-7A0A-492E-838B-5246212E7F36}.Debug|Any CPU.Build.0 = Debug|Any CPU
		{C928E380-7A0A-492E-838B-5246212E7F36}.Release|Any CPU.ActiveCfg = Release|Any CPU
		{C928E380-7A0A-492E-838B-5246212E7F36}.Release|Any CPU.Build.0 = Release|Any CPU
		{068547F8-60C0-4847-B04E-81591A837614}.Debug|Any CPU.ActiveCfg = Debug|Any CPU
		{068547F8-60C0-4847-B04E-81591A837614}.Debug|Any CPU.Build.0 = Debug|Any CPU
		{068547F8-60C0-4847-B04E-81591A837614}.Release|Any CPU.ActiveCfg = Release|Any CPU
		{068547F8-60C0-4847-B04E-81591A837614}.Release|Any CPU.Build.0 = Release|Any CPU
		{036E2D56-B847-471A-BC9C-46AA02FE699A}.Debug|Any CPU.ActiveCfg = Debug|Any CPU
		{036E2D56-B847-471A-BC9C-46AA02FE699A}.Debug|Any CPU.Build.0 = Debug|Any CPU
		{036E2D56-B847-471A-BC9C-46AA02FE699A}.Release|Any CPU.ActiveCfg = Release|Any CPU
		{036E2D56-B847-471A-BC9C-46AA02FE699A}.Release|Any CPU.Build.0 = Release|Any CPU
		{10C12DDE-384C-42DB-A28A-C93366E8C692}.Debug|Any CPU.ActiveCfg = Debug|Any CPU
		{10C12DDE-384C-42DB-A28A-C93366E8C692}.Debug|Any CPU.Build.0 = Debug|Any CPU
		{10C12DDE-384C-42DB-A28A-C93366E8C692}.Release|Any CPU.ActiveCfg = Release|Any CPU
		{10C12DDE-384C-42DB-A28A-C93366E8C692}.Release|Any CPU.Build.0 = Release|Any CPU
		{23EC7E34-5485-46C9-B80F-632289E1B83C}.Debug|Any CPU.ActiveCfg = Debug|Any CPU
		{23EC7E34-5485-46C9-B80F-632289E1B83C}.Debug|Any CPU.Build.0 = Debug|Any CPU
		{23EC7E34-5485-46C9-B80F-632289E1B83C}.Release|Any CPU.ActiveCfg = Release|Any CPU
		{23EC7E34-5485-46C9-B80F-632289E1B83C}.Release|Any CPU.Build.0 = Release|Any CPU
	EndGlobalSection
	GlobalSection(SolutionProperties) = preSolution
		HideSolutionNode = FALSE
	EndGlobalSection
	GlobalSection(ExtensibilityGlobals) = postSolution
		SolutionGuid = {F621E7A2-ACA3-46E5-81A5-BFF5F054643C}
	EndGlobalSection
EndGlobal
